
Microsoft Visual Studio Solution File, Format Version 12.00
# Visual Studio Version 17
VisualStudioVersion = 17.7.34024.191
MinimumVisualStudioVersion = 10.0.40219.1
Project("{FAE04EC0-301F-11D3-BF4B-00C04F79EFBC}") = "Assignment03", "Assignment03\Assignment03.csproj", "{C09ECB53-EBB9-4D75-9C34-30EA8125D0F4}"
EndProject
Global
	GlobalSection(SolutionConfigurationPlatforms) = preSolution
		Debug|Any CPU = Debug|Any CPU
		Release|Any CPU = Release|Any CPU
	EndGlobalSection
	GlobalSection(ProjectConfigurationPlatforms) = postSolution
		{C09ECB53-EBB9-4D75-9C34-30EA8125D0F4}.Debug|Any CPU.ActiveCfg = Debug|Any CPU
		{C09ECB53-EBB9-4D75-9C34-30EA8125D0F4}.Debug|Any CPU.Build.0 = Debug|Any CPU
		{C09ECB53-EBB9-4D75-9C34-30EA8125D0F4}.Release|Any CPU.ActiveCfg = Release|Any CPU
		{C09ECB53-EBB9-4D75-9C34-30EA8125D0F4}.Release|Any CPU.Build.0 = Release|Any CPU
	EndGlobalSection
	GlobalSection(SolutionProperties) = preSolution
		HideSolutionNode = FALSE
	EndGlobalSection
	GlobalSection(ExtensibilityGlobals) = postSolution
		SolutionGuid = {53365E7F-7C2F-4DD3-A340-37D866C1A784}
	EndGlobalSection
EndGlobal
